
Microsoft Visual Studio Solution File, Format Version 12.00
# Visual Studio Version 17
VisualStudioVersion = 17.10.35122.118
MinimumVisualStudioVersion = 10.0.40219.1
Project("{FAE04EC0-301F-11D3-BF4B-00C04F79EFBC}") = "01_MainSubjects", "01_MainSubjects\01_MainSubjects.csproj", "{13DF395D-0284-4710-A19D-2AE58ED6FCB0}"
EndProject
Project("{FAE04EC0-301F-11D3-BF4B-00C04F79EFBC}") = "02_Veriables", "02_Veriables\02_Veriables.csproj", "{BEB17AC0-59D0-4D82-AAD5-6BC2543DA91D}"
EndProject
Project("{FAE04EC0-301F-11D3-BF4B-00C04F79EFBC}") = "03_MakingDecision", "03_MakingDecision\03_MakingDecision.csproj", "{B72F3255-636A-4842-A649-62834BEBAB7E}"
EndProject
Project("{FAE04EC0-301F-11D3-BF4B-00C04F79EFBC}") = "04_Loops", "04_Loops\04_Loops.csproj", "{22F826C7-4071-4510-94D4-41ED86789C11}"
EndProject
Project("{FAE04EC0-301F-11D3-BF4B-00C04F79EFBC}") = "05_LoopsWithStars", "05_LoopsWithStarts\05_LoopsWithStars.csproj", "{AB9DDCF3-D01B-46BF-8B6F-0536AC9E6E85}"
EndProject
Project("{FAE04EC0-301F-11D3-BF4B-00C04F79EFBC}") = "06_Arrays", "06_Arrays\06_Arrays.csproj", "{DC93B9C0-59E5-43D4-BDFD-729C5F86FD3F}"
EndProject
Project("{FAE04EC0-301F-11D3-BF4B-00C04F79EFBC}") = "07_ForeachLoop", "07_ForeachLoop\07_ForeachLoop.csproj", "{13D1807E-5FB5-4760-A050-31B3E8B14EFE}"
EndProject
Project("{FAE04EC0-301F-11D3-BF4B-00C04F79EFBC}") = "08_Methods", "08_Methods\08_Methods.csproj", "{51731517-AEC8-4826-9E57-604CA23CBA33}"
EndProject
Project("{FAE04EC0-301F-11D3-BF4B-00C04F79EFBC}") = "09_DatabaseProject", "09_DatabaseProject\09_DatabaseProject.csproj", "{FFBE2456-2E10-4E93-84DA-8015E0921721}"
EndProject
Project("{FAE04EC0-301F-11D3-BF4B-00C04F79EFBC}") = "10_DatabaseCrud", "10_DatabaseCrud\10_DatabaseCrud.csproj", "{7F9E1BA2-0DCE-47F4-8090-376A959CA0BF}"
EndProject
Global
	GlobalSection(SolutionConfigurationPlatforms) = preSolution
		Debug|Any CPU = Debug|Any CPU
		Release|Any CPU = Release|Any CPU
	EndGlobalSection
	GlobalSection(ProjectConfigurationPlatforms) = postSolution
		{13DF395D-0284-4710-A19D-2AE58ED6FCB0}.Debug|Any CPU.ActiveCfg = Debug|Any CPU
		{13DF395D-0284-4710-A19D-2AE58ED6FCB0}.Debug|Any CPU.Build.0 = Debug|Any CPU
		{13DF395D-0284-4710-A19D-2AE58ED6FCB0}.Release|Any CPU.ActiveCfg = Release|Any CPU
		{13DF395D-0284-4710-A19D-2AE58ED6FCB0}.Release|Any CPU.Build.0 = Release|Any CPU
		{BEB17AC0-59D0-4D82-AAD5-6BC2543DA91D}.Debug|Any CPU.ActiveCfg = Debug|Any CPU
		{BEB17AC0-59D0-4D82-AAD5-6BC2543DA91D}.Debug|Any CPU.Build.0 = Debug|Any CPU
		{BEB17AC0-59D0-4D82-AAD5-6BC2543DA91D}.Release|Any CPU.ActiveCfg = Release|Any CPU
		{BEB17AC0-59D0-4D82-AAD5-6BC2543DA91D}.Release|Any CPU.Build.0 = Release|Any CPU
		{B72F3255-636A-4842-A649-62834BEBAB7E}.Debug|Any CPU.ActiveCfg = Debug|Any CPU
		{B72F3255-636A-4842-A649-62834BEBAB7E}.Debug|Any CPU.Build.0 = Debug|Any CPU
		{B72F3255-636A-4842-A649-62834BEBAB7E}.Release|Any CPU.ActiveCfg = Release|Any CPU
		{B72F3255-636A-4842-A649-62834BEBAB7E}.Release|Any CPU.Build.0 = Release|Any CPU
		{22F826C7-4071-4510-94D4-41ED86789C11}.Debug|Any CPU.ActiveCfg = Debug|Any CPU
		{22F826C7-4071-4510-94D4-41ED86789C11}.Debug|Any CPU.Build.0 = Debug|Any CPU
		{22F826C7-4071-4510-94D4-41ED86789C11}.Release|Any CPU.ActiveCfg = Release|Any CPU
		{22F826C7-4071-4510-94D4-41ED86789C11}.Release|Any CPU.Build.0 = Release|Any CPU
		{AB9DDCF3-D01B-46BF-8B6F-0536AC9E6E85}.Debug|Any CPU.ActiveCfg = Debug|Any CPU
		{AB9DDCF3-D01B-46BF-8B6F-0536AC9E6E85}.Debug|Any CPU.Build.0 = Debug|Any CPU
		{AB9DDCF3-D01B-46BF-8B6F-0536AC9E6E85}.Release|Any CPU.ActiveCfg = Release|Any CPU
		{AB9DDCF3-D01B-46BF-8B6F-0536AC9E6E85}.Release|Any CPU.Build.0 = Release|Any CPU
		{DC93B9C0-59E5-43D4-BDFD-729C5F86FD3F}.Debug|Any CPU.ActiveCfg = Debug|Any CPU
		{DC93B9C0-59E5-43D4-BDFD-729C5F86FD3F}.Debug|Any CPU.Build.0 = Debug|Any CPU
		{DC93B9C0-59E5-43D4-BDFD-729C5F86FD3F}.Release|Any CPU.ActiveCfg = Release|Any CPU
		{DC93B9C0-59E5-43D4-BDFD-729C5F86FD3F}.Release|Any CPU.Build.0 = Release|Any CPU
		{13D1807E-5FB5-4760-A050-31B3E8B14EFE}.Debug|Any CPU.ActiveCfg = Debug|Any CPU
		{13D1807E-5FB5-4760-A050-31B3E8B14EFE}.Debug|Any CPU.Build.0 = Debug|Any CPU
		{13D1807E-5FB5-4760-A050-31B3E8B14EFE}.Release|Any CPU.ActiveCfg = Release|Any CPU
		{13D1807E-5FB5-4760-A050-31B3E8B14EFE}.Release|Any CPU.Build.0 = Release|Any CPU
		{51731517-AEC8-4826-9E57-604CA23CBA33}.Debug|Any CPU.ActiveCfg = Debug|Any CPU
		{51731517-AEC8-4826-9E57-604CA23CBA33}.Debug|Any CPU.Build.0 = Debug|Any CPU
		{51731517-AEC8-4826-9E57-604CA23CBA33}.Release|Any CPU.ActiveCfg = Release|Any CPU
		{51731517-AEC8-4826-9E57-604CA23CBA33}.Release|Any CPU.Build.0 = Release|Any CPU
		{FFBE2456-2E10-4E93-84DA-8015E0921721}.Debug|Any CPU.ActiveCfg = Debug|Any CPU
		{FFBE2456-2E10-4E93-84DA-8015E0921721}.Debug|Any CPU.Build.0 = Debug|Any CPU
		{FFBE2456-2E10-4E93-84DA-8015E0921721}.Release|Any CPU.ActiveCfg = Release|Any CPU
		{FFBE2456-2E10-4E93-84DA-8015E0921721}.Release|Any CPU.Build.0 = Release|Any CPU
		{7F9E1BA2-0DCE-47F4-8090-376A959CA0BF}.Debug|Any CPU.ActiveCfg = Debug|Any CPU
		{7F9E1BA2-0DCE-47F4-8090-376A959CA0BF}.Debug|Any CPU.Build.0 = Debug|Any CPU
		{7F9E1BA2-0DCE-47F4-8090-376A959CA0BF}.Release|Any CPU.ActiveCfg = Release|Any CPU
		{7F9E1BA2-0DCE-47F4-8090-376A959CA0BF}.Release|Any CPU.Build.0 = Release|Any CPU
	EndGlobalSection
	GlobalSection(SolutionProperties) = preSolution
		HideSolutionNode = FALSE
	EndGlobalSection
	GlobalSection(ExtensibilityGlobals) = postSolution
		SolutionGuid = {E74D0068-7A57-4842-A10D-94DF3EE60A0B}
	EndGlobalSection
EndGlobal
